
Microsoft Visual Studio Solution File, Format Version 12.00
# Visual Studio 15
VisualStudioVersion = 15.0.28307.960
MinimumVisualStudioVersion = 10.0.40219.1
Project("{FAE04EC0-301F-11D3-BF4B-00C04F79EFBC}") = "CSVFILE", "CSVFILE\CSVFILE.csproj", "{10CF3E52-BED2-4D92-ACA8-2CA7A3297BC1}"
EndProject
Global
	GlobalSection(SolutionConfigurationPlatforms) = preSolution
		Debug|Any CPU = Debug|Any CPU
		Release|Any CPU = Release|Any CPU
	EndGlobalSection
	GlobalSection(ProjectConfigurationPlatforms) = postSolution
		{10CF3E52-BED2-4D92-ACA8-2CA7A3297BC1}.Debug|Any CPU.ActiveCfg = Debug|Any CPU
		{10CF3E52-BED2-4D92-ACA8-2CA7A3297BC1}.Debug|Any CPU.Build.0 = Debug|Any CPU
		{10CF3E52-BED2-4D92-ACA8-2CA7A3297BC1}.Release|Any CPU.ActiveCfg = Release|Any CPU
		{10CF3E52-BED2-4D92-ACA8-2CA7A3297BC1}.Release|Any CPU.Build.0 = Release|Any CPU
	EndGlobalSection
	GlobalSection(SolutionProperties) = preSolution
		HideSolutionNode = FALSE
	EndGlobalSection
	GlobalSection(ExtensibilityGlobals) = postSolution
		SolutionGuid = {5A43E5C0-05E4-4458-9F16-9FA2AF1D5426}
	EndGlobalSection
EndGlobal
